
Microsoft Visual Studio Solution File, Format Version 12.00
# Visual Studio 15
VisualStudioVersion = 15.0.26228.12
MinimumVisualStudioVersion = 10.0.40219.1
Project("{FAE04EC0-301F-11D3-BF4B-00C04F79EFBC}") = "YogaFitnessClub", "YogaFitnessClub\YogaFitnessClub.csproj", "{120D6C1E-2E40-441F-A91E-8DA53C01C29D}"
EndProject
Project("{FAE04EC0-301F-11D3-BF4B-00C04F79EFBC}") = "YogaFitnessClubApi", "YogaFitnessClubApi\YogaFitnessClubApi.csproj", "{F35F9AE6-E9EF-4E42-B392-6A29669FFBB7}"
EndProject
Project("{FAE04EC0-301F-11D3-BF4B-00C04F79EFBC}") = "UnitTestProject1", "UnitTestProject1\UnitTestProject1.csproj", "{6AC388D2-0DC9-44CA-9403-F9F7A24059F3}"
EndProject
Global
	GlobalSection(SolutionConfigurationPlatforms) = preSolution
		Debug|Any CPU = Debug|Any CPU
		Release|Any CPU = Release|Any CPU
	EndGlobalSection
	GlobalSection(ProjectConfigurationPlatforms) = postSolution
		{120D6C1E-2E40-441F-A91E-8DA53C01C29D}.Debug|Any CPU.ActiveCfg = Debug|Any CPU
		{120D6C1E-2E40-441F-A91E-8DA53C01C29D}.Debug|Any CPU.Build.0 = Debug|Any CPU
		{120D6C1E-2E40-441F-A91E-8DA53C01C29D}.Release|Any CPU.ActiveCfg = Release|Any CPU
		{120D6C1E-2E40-441F-A91E-8DA53C01C29D}.Release|Any CPU.Build.0 = Release|Any CPU
		{F35F9AE6-E9EF-4E42-B392-6A29669FFBB7}.Debug|Any CPU.ActiveCfg = Debug|Any CPU
		{F35F9AE6-E9EF-4E42-B392-6A29669FFBB7}.Debug|Any CPU.Build.0 = Debug|Any CPU
		{F35F9AE6-E9EF-4E42-B392-6A29669FFBB7}.Release|Any CPU.ActiveCfg = Release|Any CPU
		{F35F9AE6-E9EF-4E42-B392-6A29669FFBB7}.Release|Any CPU.Build.0 = Release|Any CPU
		{6AC388D2-0DC9-44CA-9403-F9F7A24059F3}.Debug|Any CPU.ActiveCfg = Debug|Any CPU
		{6AC388D2-0DC9-44CA-9403-F9F7A24059F3}.Debug|Any CPU.Build.0 = Debug|Any CPU
		{6AC388D2-0DC9-44CA-9403-F9F7A24059F3}.Release|Any CPU.ActiveCfg = Release|Any CPU
		{6AC388D2-0DC9-44CA-9403-F9F7A24059F3}.Release|Any CPU.Build.0 = Release|Any CPU
	EndGlobalSection
	GlobalSection(SolutionProperties) = preSolution
		HideSolutionNode = FALSE
	EndGlobalSection
EndGlobal
